// !$*UTF8*$!
{
	archiveVersion = 1;
	classes = {
	};
	objectVersion = 55;
	objects = {

/* Begin PBXBuildFile section */
		4F47DB07296A2F1500722567 /* UIImageView + Extension.swift in Sources */ = {isa = PBXBuildFile; fileRef = 4F47DB06296A2F1500722567 /* UIImageView + Extension.swift */; };
		4F47DB09296A342700722567 /* UIStackView + Extension.swift in Sources */ = {isa = PBXBuildFile; fileRef = 4F47DB08296A342700722567 /* UIStackView + Extension.swift */; };
		4F6A0AC52969001200E39135 /* SectionList.swift in Sources */ = {isa = PBXBuildFile; fileRef = 4F6A0AC42969001200E39135 /* SectionList.swift */; };
		4F6A0ACD296906F600E39135 /* GalleryPageViewController.swift in Sources */ = {isa = PBXBuildFile; fileRef = 4F6A0ACC296906F600E39135 /* GalleryPageViewController.swift */; };
		4F6A0ACF2969089D00E39135 /* GalleryViewController.swift in Sources */ = {isa = PBXBuildFile; fileRef = 4F6A0ACE2969089D00E39135 /* GalleryViewController.swift */; };
		4F6A0AD22969140A00E39135 /* GradientView.swift in Sources */ = {isa = PBXBuildFile; fileRef = 4F6A0AD12969140A00E39135 /* GradientView.swift */; };
		4F7BDD1C296CD6B8008303F3 /* PlayView.swift in Sources */ = {isa = PBXBuildFile; fileRef = 4F7BDD1B296CD6B8008303F3 /* PlayView.swift */; };
		4F86F4A82967984600C3EA3F /* AppDelegate.swift in Sources */ = {isa = PBXBuildFile; fileRef = 4F86F4A72967984600C3EA3F /* AppDelegate.swift */; };
		4F86F4B12967984700C3EA3F /* Assets.xcassets in Resources */ = {isa = PBXBuildFile; fileRef = 4F86F4B02967984700C3EA3F /* Assets.xcassets */; };
		4F86F4B42967984700C3EA3F /* LaunchScreen.storyboard in Resources */ = {isa = PBXBuildFile; fileRef = 4F86F4B22967984700C3EA3F /* LaunchScreen.storyboard */; };
		4F86F4C329679A5900C3EA3F /* San Francisco Pro Display in Resources */ = {isa = PBXBuildFile; fileRef = 4F86F4C129679A5900C3EA3F /* San Francisco Pro Display */; };
		4F86F4C429679A5900C3EA3F /* San Francisco Pro Text in Resources */ = {isa = PBXBuildFile; fileRef = 4F86F4C229679A5900C3EA3F /* San Francisco Pro Text */; };
		4F86F4C629679B3000C3EA3F /* ModulesBuilder.swift in Sources */ = {isa = PBXBuildFile; fileRef = 4F86F4C529679B3000C3EA3F /* ModulesBuilder.swift */; };
		4F86F4CC29679D8A00C3EA3F /* MainViewController.swift in Sources */ = {isa = PBXBuildFile; fileRef = 4F86F4CB29679D8A00C3EA3F /* MainViewController.swift */; };
		4F86F4CE29679EE100C3EA3F /* MainPresenter.swift in Sources */ = {isa = PBXBuildFile; fileRef = 4F86F4CD29679EE100C3EA3F /* MainPresenter.swift */; };
		4FA19C552967A80D00EECA9F /* UILabel + Extension.swift in Sources */ = {isa = PBXBuildFile; fileRef = 4FA19C542967A80D00EECA9F /* UILabel + Extension.swift */; };
		4FA19C572967A93500EECA9F /* UIFont + Extension.swift in Sources */ = {isa = PBXBuildFile; fileRef = 4FA19C562967A93500EECA9F /* UIFont + Extension.swift */; };
		4FA19C592967B8C000EECA9F /* GaleryModel.swift in Sources */ = {isa = PBXBuildFile; fileRef = 4FA19C582967B8C000EECA9F /* GaleryModel.swift */; };
		BD20CFD89515FE20990E8C9A /* Pods_YouTube_API_App.framework in Frameworks */ = {isa = PBXBuildFile; fileRef = B1DEAFA8478CBEEF0ABBAD6B /* Pods_YouTube_API_App.framework */; };
/* End PBXBuildFile section */

/* Begin PBXFileReference section */
		4F47DB06296A2F1500722567 /* UIImageView + Extension.swift */ = {isa = PBXFileReference; lastKnownFileType = sourcecode.swift; path = "UIImageView + Extension.swift"; sourceTree = "<group>"; };
		4F47DB08296A342700722567 /* UIStackView + Extension.swift */ = {isa = PBXFileReference; lastKnownFileType = sourcecode.swift; path = "UIStackView + Extension.swift"; sourceTree = "<group>"; };
		4F6A0AC42969001200E39135 /* SectionList.swift */ = {isa = PBXFileReference; lastKnownFileType = sourcecode.swift; path = SectionList.swift; sourceTree = "<group>"; };
		4F6A0ACC296906F600E39135 /* GalleryPageViewController.swift */ = {isa = PBXFileReference; lastKnownFileType = sourcecode.swift; path = GalleryPageViewController.swift; sourceTree = "<group>"; };
		4F6A0ACE2969089D00E39135 /* GalleryViewController.swift */ = {isa = PBXFileReference; lastKnownFileType = sourcecode.swift; path = GalleryViewController.swift; sourceTree = "<group>"; };
		4F6A0AD12969140A00E39135 /* GradientView.swift */ = {isa = PBXFileReference; lastKnownFileType = sourcecode.swift; path = GradientView.swift; sourceTree = "<group>"; };
		4F7BDD1B296CD6B8008303F3 /* PlayView.swift */ = {isa = PBXFileReference; lastKnownFileType = sourcecode.swift; path = PlayView.swift; sourceTree = "<group>"; };
		4F86F4A42967984600C3EA3F /* YouTube API App.app */ = {isa = PBXFileReference; explicitFileType = wrapper.application; includeInIndex = 0; path = "YouTube API App.app"; sourceTree = BUILT_PRODUCTS_DIR; };
		4F86F4A72967984600C3EA3F /* AppDelegate.swift */ = {isa = PBXFileReference; lastKnownFileType = sourcecode.swift; path = AppDelegate.swift; sourceTree = "<group>"; };
		4F86F4B02967984700C3EA3F /* Assets.xcassets */ = {isa = PBXFileReference; lastKnownFileType = folder.assetcatalog; path = Assets.xcassets; sourceTree = "<group>"; };
		4F86F4B32967984700C3EA3F /* Base */ = {isa = PBXFileReference; lastKnownFileType = file.storyboard; name = Base; path = Base.lproj/LaunchScreen.storyboard; sourceTree = "<group>"; };
		4F86F4B52967984700C3EA3F /* Info.plist */ = {isa = PBXFileReference; lastKnownFileType = text.plist.xml; path = Info.plist; sourceTree = "<group>"; };
		4F86F4C129679A5900C3EA3F /* San Francisco Pro Display */ = {isa = PBXFileReference; lastKnownFileType = folder; path = "San Francisco Pro Display"; sourceTree = "<group>"; };
		4F86F4C229679A5900C3EA3F /* San Francisco Pro Text */ = {isa = PBXFileReference; lastKnownFileType = folder; path = "San Francisco Pro Text"; sourceTree = "<group>"; };
		4F86F4C529679B3000C3EA3F /* ModulesBuilder.swift */ = {isa = PBXFileReference; lastKnownFileType = sourcecode.swift; path = ModulesBuilder.swift; sourceTree = "<group>"; };
		4F86F4CB29679D8A00C3EA3F /* MainViewController.swift */ = {isa = PBXFileReference; lastKnownFileType = sourcecode.swift; path = MainViewController.swift; sourceTree = "<group>"; };
		4F86F4CD29679EE100C3EA3F /* MainPresenter.swift */ = {isa = PBXFileReference; lastKnownFileType = sourcecode.swift; path = MainPresenter.swift; sourceTree = "<group>"; };
		4FA19C542967A80D00EECA9F /* UILabel + Extension.swift */ = {isa = PBXFileReference; lastKnownFileType = sourcecode.swift; path = "UILabel + Extension.swift"; sourceTree = "<group>"; };
		4FA19C562967A93500EECA9F /* UIFont + Extension.swift */ = {isa = PBXFileReference; lastKnownFileType = sourcecode.swift; path = "UIFont + Extension.swift"; sourceTree = "<group>"; };
		4FA19C582967B8C000EECA9F /* GaleryModel.swift */ = {isa = PBXFileReference; lastKnownFileType = sourcecode.swift; path = GaleryModel.swift; sourceTree = "<group>"; };
		9B42557F9C51CE1929267C75 /* Pods-YouTube API App.release.xcconfig */ = {isa = PBXFileReference; includeInIndex = 1; lastKnownFileType = text.xcconfig; name = "Pods-YouTube API App.release.xcconfig"; path = "Target Support Files/Pods-YouTube API App/Pods-YouTube API App.release.xcconfig"; sourceTree = "<group>"; };
		B1DEAFA8478CBEEF0ABBAD6B /* Pods_YouTube_API_App.framework */ = {isa = PBXFileReference; explicitFileType = wrapper.framework; includeInIndex = 0; path = Pods_YouTube_API_App.framework; sourceTree = BUILT_PRODUCTS_DIR; };
		C93A156CE924F4D34B8E3938 /* Pods-YouTube API App.debug.xcconfig */ = {isa = PBXFileReference; includeInIndex = 1; lastKnownFileType = text.xcconfig; name = "Pods-YouTube API App.debug.xcconfig"; path = "Target Support Files/Pods-YouTube API App/Pods-YouTube API App.debug.xcconfig"; sourceTree = "<group>"; };
/* End PBXFileReference section */

/* Begin PBXFrameworksBuildPhase section */
		4F86F4A12967984600C3EA3F /* Frameworks */ = {
			isa = PBXFrameworksBuildPhase;
			buildActionMask = 2147483647;
			files = (
				BD20CFD89515FE20990E8C9A /* Pods_YouTube_API_App.framework in Frameworks */,
			);
			runOnlyForDeploymentPostprocessing = 0;
		};
/* End PBXFrameworksBuildPhase section */

/* Begin PBXGroup section */
		4F6A0AC12968FDE000E39135 /* Cells */ = {
			isa = PBXGroup;
			children = (
			);
			path = Cells;
			sourceTree = "<group>";
		};
		4F6A0AD029690F4000E39135 /* Custom */ = {
			isa = PBXGroup;
			children = (
				4F6A0AD12969140A00E39135 /* GradientView.swift */,
				4F7BDD1B296CD6B8008303F3 /* PlayView.swift */,
			);
			path = Custom;
			sourceTree = "<group>";
		};
		4F86F49B2967984600C3EA3F = {
			isa = PBXGroup;
			children = (
				4F86F4A62967984600C3EA3F /* YouTube API App */,
				4F86F4A52967984600C3EA3F /* Products */,
				E0C1B4F95F6CA70CFEE96870 /* Pods */,
				E200F7C23FE1EFCC2B9AACFD /* Frameworks */,
			);
			sourceTree = "<group>";
		};
		4F86F4A52967984600C3EA3F /* Products */ = {
			isa = PBXGroup;
			children = (
				4F86F4A42967984600C3EA3F /* YouTube API App.app */,
			);
			name = Products;
			sourceTree = "<group>";
		};
		4F86F4A62967984600C3EA3F /* YouTube API App */ = {
			isa = PBXGroup;
			children = (
				4F86F4C029679A1400C3EA3F /* Application */,
				4F86F4BF296798E100C3EA3F /* Network */,
				4F86F4BE296798D000C3EA3F /* Modules */,
				4F86F4BD296798C100C3EA3F /* UIKit */,
				4F86F4BC296798BA00C3EA3F /* Resources */,
				4F86F4BB296798B200C3EA3F /* Settings */,
			);
			path = "YouTube API App";
			sourceTree = "<group>";
		};
		4F86F4BB296798B200C3EA3F /* Settings */ = {
			isa = PBXGroup;
			children = (
				4F86F4B52967984700C3EA3F /* Info.plist */,
			);
			path = Settings;
			sourceTree = "<group>";
		};
		4F86F4BC296798BA00C3EA3F /* Resources */ = {
			isa = PBXGroup;
			children = (
				4F86F4B02967984700C3EA3F /* Assets.xcassets */,
				4F86F4C129679A5900C3EA3F /* San Francisco Pro Display */,
				4F86F4C229679A5900C3EA3F /* San Francisco Pro Text */,
			);
			path = Resources;
			sourceTree = "<group>";
		};
		4F86F4BD296798C100C3EA3F /* UIKit */ = {
			isa = PBXGroup;
			children = (
				4F6A0AD029690F4000E39135 /* Custom */,
				4FA19C542967A80D00EECA9F /* UILabel + Extension.swift */,
				4FA19C562967A93500EECA9F /* UIFont + Extension.swift */,
				4F47DB06296A2F1500722567 /* UIImageView + Extension.swift */,
				4F47DB08296A342700722567 /* UIStackView + Extension.swift */,
			);
			path = UIKit;
			sourceTree = "<group>";
		};
		4F86F4BE296798D000C3EA3F /* Modules */ = {
			isa = PBXGroup;
			children = (
				4F86F4C529679B3000C3EA3F /* ModulesBuilder.swift */,
				4F86F4C729679CEC00C3EA3F /* MainModule */,
			);
			path = Modules;
			sourceTree = "<group>";
		};
		4F86F4BF296798E100C3EA3F /* Network */ = {
			isa = PBXGroup;
			children = (
			);
			path = Network;
			sourceTree = "<group>";
		};
		4F86F4C029679A1400C3EA3F /* Application */ = {
			isa = PBXGroup;
			children = (
				4F86F4A72967984600C3EA3F /* AppDelegate.swift */,
				4F86F4B22967984700C3EA3F /* LaunchScreen.storyboard */,
			);
			path = Application;
			sourceTree = "<group>";
		};
		4F86F4C729679CEC00C3EA3F /* MainModule */ = {
			isa = PBXGroup;
			children = (
				4F86F4C829679D0600C3EA3F /* Model */,
				4F86F4C929679D2700C3EA3F /* View */,
				4F86F4CA29679D2E00C3EA3F /* Presenter */,
			);
			path = MainModule;
			sourceTree = "<group>";
		};
		4F86F4C829679D0600C3EA3F /* Model */ = {
			isa = PBXGroup;
			children = (
				4FA19C582967B8C000EECA9F /* GaleryModel.swift */,
				4F6A0AC42969001200E39135 /* SectionList.swift */,
			);
			path = Model;
			sourceTree = "<group>";
		};
		4F86F4C929679D2700C3EA3F /* View */ = {
			isa = PBXGroup;
			children = (
				4F6A0AC12968FDE000E39135 /* Cells */,
				4F86F4CB29679D8A00C3EA3F /* MainViewController.swift */,
				4F6A0ACC296906F600E39135 /* GalleryPageViewController.swift */,
				4F6A0ACE2969089D00E39135 /* GalleryViewController.swift */,
			);
			path = View;
			sourceTree = "<group>";
		};
		4F86F4CA29679D2E00C3EA3F /* Presenter */ = {
			isa = PBXGroup;
			children = (
				4F86F4CD29679EE100C3EA3F /* MainPresenter.swift */,
			);
			path = Presenter;
			sourceTree = "<group>";
		};
		E0C1B4F95F6CA70CFEE96870 /* Pods */ = {
			isa = PBXGroup;
			children = (
				C93A156CE924F4D34B8E3938 /* Pods-YouTube API App.debug.xcconfig */,
				9B42557F9C51CE1929267C75 /* Pods-YouTube API App.release.xcconfig */,
			);
			path = Pods;
			sourceTree = "<group>";
		};
		E200F7C23FE1EFCC2B9AACFD /* Frameworks */ = {
			isa = PBXGroup;
			children = (
				B1DEAFA8478CBEEF0ABBAD6B /* Pods_YouTube_API_App.framework */,
			);
			name = Frameworks;
			sourceTree = "<group>";
		};
/* End PBXGroup section */

/* Begin PBXNativeTarget section */
		4F86F4A32967984600C3EA3F /* YouTube API App */ = {
			isa = PBXNativeTarget;
			buildConfigurationList = 4F86F4B82967984700C3EA3F /* Build configuration list for PBXNativeTarget "YouTube API App" */;
			buildPhases = (
				46EBB101A65C88E3C307B90E /* [CP] Check Pods Manifest.lock */,
				4F86F4A02967984600C3EA3F /* Sources */,
				4F86F4A12967984600C3EA3F /* Frameworks */,
				4F86F4A22967984600C3EA3F /* Resources */,
				9A4228CD54A3D258E6E4F4FC /* [CP] Embed Pods Frameworks */,
			);
			buildRules = (
			);
			dependencies = (
			);
			name = "YouTube API App";
			productName = "YouTube API App";
			productReference = 4F86F4A42967984600C3EA3F /* YouTube API App.app */;
			productType = "com.apple.product-type.application";
		};
/* End PBXNativeTarget section */

/* Begin PBXProject section */
		4F86F49C2967984600C3EA3F /* Project object */ = {
			isa = PBXProject;
			attributes = {
				BuildIndependentTargetsInParallel = 1;
				LastSwiftUpdateCheck = 1340;
				LastUpgradeCheck = 1340;
				TargetAttributes = {
					4F86F4A32967984600C3EA3F = {
						CreatedOnToolsVersion = 13.4.1;
					};
				};
			};
			buildConfigurationList = 4F86F49F2967984600C3EA3F /* Build configuration list for PBXProject "YouTube API App" */;
			compatibilityVersion = "Xcode 13.0";
			developmentRegion = en;
			hasScannedForEncodings = 0;
			knownRegions = (
				en,
				Base,
			);
			mainGroup = 4F86F49B2967984600C3EA3F;
			productRefGroup = 4F86F4A52967984600C3EA3F /* Products */;
			projectDirPath = "";
			projectRoot = "";
			targets = (
				4F86F4A32967984600C3EA3F /* YouTube API App */,
			);
		};
/* End PBXProject section */

/* Begin PBXResourcesBuildPhase section */
		4F86F4A22967984600C3EA3F /* Resources */ = {
			isa = PBXResourcesBuildPhase;
			buildActionMask = 2147483647;
			files = (
				4F86F4B42967984700C3EA3F /* LaunchScreen.storyboard in Resources */,
				4F86F4B12967984700C3EA3F /* Assets.xcassets in Resources */,
				4F86F4C429679A5900C3EA3F /* San Francisco Pro Text in Resources */,
				4F86F4C329679A5900C3EA3F /* San Francisco Pro Display in Resources */,
			);
			runOnlyForDeploymentPostprocessing = 0;
		};
/* End PBXResourcesBuildPhase section */

/* Begin PBXShellScriptBuildPhase section */
		46EBB101A65C88E3C307B90E /* [CP] Check Pods Manifest.lock */ = {
			isa = PBXShellScriptBuildPhase;
			buildActionMask = 2147483647;
			files = (
			);
			inputFileListPaths = (
			);
			inputPaths = (
				"${PODS_PODFILE_DIR_PATH}/Podfile.lock",
				"${PODS_ROOT}/Manifest.lock",
			);
			name = "[CP] Check Pods Manifest.lock";
			outputFileListPaths = (
			);
			outputPaths = (
				"$(DERIVED_FILE_DIR)/Pods-YouTube API App-checkManifestLockResult.txt",
			);
			runOnlyForDeploymentPostprocessing = 0;
			shellPath = /bin/sh;
			shellScript = "diff \"${PODS_PODFILE_DIR_PATH}/Podfile.lock\" \"${PODS_ROOT}/Manifest.lock\" > /dev/null\nif [ $? != 0 ] ; then\n    # print error to STDERR\n    echo \"error: The sandbox is not in sync with the Podfile.lock. Run 'pod install' or update your CocoaPods installation.\" >&2\n    exit 1\nfi\n# This output is used by Xcode 'outputs' to avoid re-running this script phase.\necho \"SUCCESS\" > \"${SCRIPT_OUTPUT_FILE_0}\"\n";
			showEnvVarsInLog = 0;
		};
		9A4228CD54A3D258E6E4F4FC /* [CP] Embed Pods Frameworks */ = {
			isa = PBXShellScriptBuildPhase;
			buildActionMask = 2147483647;
			files = (
			);
			inputFileListPaths = (
				"${PODS_ROOT}/Target Support Files/Pods-YouTube API App/Pods-YouTube API App-frameworks-${CONFIGURATION}-input-files.xcfilelist",
			);
			name = "[CP] Embed Pods Frameworks";
			outputFileListPaths = (
				"${PODS_ROOT}/Target Support Files/Pods-YouTube API App/Pods-YouTube API App-frameworks-${CONFIGURATION}-output-files.xcfilelist",
			);
			runOnlyForDeploymentPostprocessing = 0;
			shellPath = /bin/sh;
			shellScript = "\"${PODS_ROOT}/Target Support Files/Pods-YouTube API App/Pods-YouTube API App-frameworks.sh\"\n";
			showEnvVarsInLog = 0;
		};
/* End PBXShellScriptBuildPhase section */

/* Begin PBXSourcesBuildPhase section */
		4F86F4A02967984600C3EA3F /* Sources */ = {
			isa = PBXSourcesBuildPhase;
			buildActionMask = 2147483647;
			files = (
				4F47DB07296A2F1500722567 /* UIImageView + Extension.swift in Sources */,
				4FA19C572967A93500EECA9F /* UIFont + Extension.swift in Sources */,
				4F47DB09296A342700722567 /* UIStackView + Extension.swift in Sources */,
				4F6A0ACD296906F600E39135 /* GalleryPageViewController.swift in Sources */,
				4F6A0AD22969140A00E39135 /* GradientView.swift in Sources */,
				4F86F4CC29679D8A00C3EA3F /* MainViewController.swift in Sources */,
				4FA19C592967B8C000EECA9F /* GaleryModel.swift in Sources */,
				4FA19C552967A80D00EECA9F /* UILabel + Extension.swift in Sources */,
				4F86F4A82967984600C3EA3F /* AppDelegate.swift in Sources */,
				4F6A0AC52969001200E39135 /* SectionList.swift in Sources */,
				4F7BDD1C296CD6B8008303F3 /* PlayView.swift in Sources */,
				4F6A0ACF2969089D00E39135 /* GalleryViewController.swift in Sources */,
				4F86F4C629679B3000C3EA3F /* ModulesBuilder.swift in Sources */,
				4F86F4CE29679EE100C3EA3F /* MainPresenter.swift in Sources */,
			);
			runOnlyForDeploymentPostprocessing = 0;
		};
/* End PBXSourcesBuildPhase section */

/* Begin PBXVariantGroup section */
		4F86F4B22967984700C3EA3F /* LaunchScreen.storyboard */ = {
			isa = PBXVariantGroup;
			children = (
				4F86F4B32967984700C3EA3F /* Base */,
			);
			name = LaunchScreen.storyboard;
			sourceTree = "<group>";
		};
/* End PBXVariantGroup section */

/* Begin XCBuildConfiguration section */
		4F86F4B62967984700C3EA3F /* Debug */ = {
			isa = XCBuildConfiguration;
			buildSettings = {
				ALWAYS_SEARCH_USER_PATHS = NO;
				CLANG_ANALYZER_NONNULL = YES;
				CLANG_ANALYZER_NUMBER_OBJECT_CONVERSION = YES_AGGRESSIVE;
				CLANG_CXX_LANGUAGE_STANDARD = "gnu++17";
				CLANG_ENABLE_MODULES = YES;
				CLANG_ENABLE_OBJC_ARC = YES;
				CLANG_ENABLE_OBJC_WEAK = YES;
				CLANG_WARN_BLOCK_CAPTURE_AUTORELEASING = YES;
				CLANG_WARN_BOOL_CONVERSION = YES;
				CLANG_WARN_COMMA = YES;
				CLANG_WARN_CONSTANT_CONVERSION = YES;
				CLANG_WARN_DEPRECATED_OBJC_IMPLEMENTATIONS = YES;
				CLANG_WARN_DIRECT_OBJC_ISA_USAGE = YES_ERROR;
				CLANG_WARN_DOCUMENTATION_COMMENTS = YES;
				CLANG_WARN_EMPTY_BODY = YES;
				CLANG_WARN_ENUM_CONVERSION = YES;
				CLANG_WARN_INFINITE_RECURSION = YES;
				CLANG_WARN_INT_CONVERSION = YES;
				CLANG_WARN_NON_LITERAL_NULL_CONVERSION = YES;
				CLANG_WARN_OBJC_IMPLICIT_RETAIN_SELF = YES;
				CLANG_WARN_OBJC_LITERAL_CONVERSION = YES;
				CLANG_WARN_OBJC_ROOT_CLASS = YES_ERROR;
				CLANG_WARN_QUOTED_INCLUDE_IN_FRAMEWORK_HEADER = YES;
				CLANG_WARN_RANGE_LOOP_ANALYSIS = YES;
				CLANG_WARN_STRICT_PROTOTYPES = YES;
				CLANG_WARN_SUSPICIOUS_MOVE = YES;
				CLANG_WARN_UNGUARDED_AVAILABILITY = YES_AGGRESSIVE;
				CLANG_WARN_UNREACHABLE_CODE = YES;
				CLANG_WARN__DUPLICATE_METHOD_MATCH = YES;
				COPY_PHASE_STRIP = NO;
				DEBUG_INFORMATION_FORMAT = dwarf;
				ENABLE_STRICT_OBJC_MSGSEND = YES;
				ENABLE_TESTABILITY = YES;
				GCC_C_LANGUAGE_STANDARD = gnu11;
				GCC_DYNAMIC_NO_PIC = NO;
				GCC_NO_COMMON_BLOCKS = YES;
				GCC_OPTIMIZATION_LEVEL = 0;
				GCC_PREPROCESSOR_DEFINITIONS = (
					"DEBUG=1",
					"$(inherited)",
				);
				GCC_WARN_64_TO_32_BIT_CONVERSION = YES;
				GCC_WARN_ABOUT_RETURN_TYPE = YES_ERROR;
				GCC_WARN_UNDECLARED_SELECTOR = YES;
				GCC_WARN_UNINITIALIZED_AUTOS = YES_AGGRESSIVE;
				GCC_WARN_UNUSED_FUNCTION = YES;
				GCC_WARN_UNUSED_VARIABLE = YES;
				IPHONEOS_DEPLOYMENT_TARGET = 15.5;
				MTL_ENABLE_DEBUG_INFO = INCLUDE_SOURCE;
				MTL_FAST_MATH = YES;
				ONLY_ACTIVE_ARCH = YES;
				SDKROOT = iphoneos;
				SWIFT_ACTIVE_COMPILATION_CONDITIONS = DEBUG;
				SWIFT_OPTIMIZATION_LEVEL = "-Onone";
			};
			name = Debug;
		};
		4F86F4B72967984700C3EA3F /* Release */ = {
			isa = XCBuildConfiguration;
			buildSettings = {
				ALWAYS_SEARCH_USER_PATHS = NO;
				CLANG_ANALYZER_NONNULL = YES;
				CLANG_ANALYZER_NUMBER_OBJECT_CONVERSION = YES_AGGRESSIVE;
				CLANG_CXX_LANGUAGE_STANDARD = "gnu++17";
				CLANG_ENABLE_MODULES = YES;
				CLANG_ENABLE_OBJC_ARC = YES;
				CLANG_ENABLE_OBJC_WEAK = YES;
				CLANG_WARN_BLOCK_CAPTURE_AUTORELEASING = YES;
				CLANG_WARN_BOOL_CONVERSION = YES;
				CLANG_WARN_COMMA = YES;
				CLANG_WARN_CONSTANT_CONVERSION = YES;
				CLANG_WARN_DEPRECATED_OBJC_IMPLEMENTATIONS = YES;
				CLANG_WARN_DIRECT_OBJC_ISA_USAGE = YES_ERROR;
				CLANG_WARN_DOCUMENTATION_COMMENTS = YES;
				CLANG_WARN_EMPTY_BODY = YES;
				CLANG_WARN_ENUM_CONVERSION = YES;
				CLANG_WARN_INFINITE_RECURSION = YES;
				CLANG_WARN_INT_CONVERSION = YES;
				CLANG_WARN_NON_LITERAL_NULL_CONVERSION = YES;
				CLANG_WARN_OBJC_IMPLICIT_RETAIN_SELF = YES;
				CLANG_WARN_OBJC_LITERAL_CONVERSION = YES;
				CLANG_WARN_OBJC_ROOT_CLASS = YES_ERROR;
				CLANG_WARN_QUOTED_INCLUDE_IN_FRAMEWORK_HEADER = YES;
				CLANG_WARN_RANGE_LOOP_ANALYSIS = YES;
				CLANG_WARN_STRICT_PROTOTYPES = YES;
				CLANG_WARN_SUSPICIOUS_MOVE = YES;
				CLANG_WARN_UNGUARDED_AVAILABILITY = YES_AGGRESSIVE;
				CLANG_WARN_UNREACHABLE_CODE = YES;
				CLANG_WARN__DUPLICATE_METHOD_MATCH = YES;
				COPY_PHASE_STRIP = NO;
				DEBUG_INFORMATION_FORMAT = "dwarf-with-dsym";
				ENABLE_NS_ASSERTIONS = NO;
				ENABLE_STRICT_OBJC_MSGSEND = YES;
				GCC_C_LANGUAGE_STANDARD = gnu11;
				GCC_NO_COMMON_BLOCKS = YES;
				GCC_WARN_64_TO_32_BIT_CONVERSION = YES;
				GCC_WARN_ABOUT_RETURN_TYPE = YES_ERROR;
				GCC_WARN_UNDECLARED_SELECTOR = YES;
				GCC_WARN_UNINITIALIZED_AUTOS = YES_AGGRESSIVE;
				GCC_WARN_UNUSED_FUNCTION = YES;
				GCC_WARN_UNUSED_VARIABLE = YES;
				IPHONEOS_DEPLOYMENT_TARGET = 15.5;
				MTL_ENABLE_DEBUG_INFO = NO;
				MTL_FAST_MATH = YES;
				SDKROOT = iphoneos;
				SWIFT_COMPILATION_MODE = wholemodule;
				SWIFT_OPTIMIZATION_LEVEL = "-O";
				VALIDATE_PRODUCT = YES;
			};
			name = Release;
		};
		4F86F4B92967984700C3EA3F /* Debug */ = {
			isa = XCBuildConfiguration;
			baseConfigurationReference = C93A156CE924F4D34B8E3938 /* Pods-YouTube API App.debug.xcconfig */;
			buildSettings = {
				ASSETCATALOG_COMPILER_APPICON_NAME = AppIcon;
				ASSETCATALOG_COMPILER_GLOBAL_ACCENT_COLOR_NAME = AccentColor;
				CODE_SIGN_STYLE = Automatic;
				CURRENT_PROJECT_VERSION = 1;
				DEVELOPMENT_TEAM = XWQT2AUZQ9;
				GENERATE_INFOPLIST_FILE = YES;
				INFOPLIST_FILE = "YouTube API App/Settings/Info.plist";
				INFOPLIST_KEY_UIApplicationSupportsIndirectInputEvents = YES;
				INFOPLIST_KEY_UILaunchStoryboardName = LaunchScreen;
				INFOPLIST_KEY_UISupportedInterfaceOrientations_iPad = "UIInterfaceOrientationPortrait UIInterfaceOrientationPortraitUpsideDown UIInterfaceOrientationLandscapeLeft UIInterfaceOrientationLandscapeRight";
				INFOPLIST_KEY_UISupportedInterfaceOrientations_iPhone = "UIInterfaceOrientationPortrait UIInterfaceOrientationLandscapeLeft UIInterfaceOrientationLandscapeRight";
				LD_RUNPATH_SEARCH_PATHS = (
					"$(inherited)",
					"@executable_path/Frameworks",
				);
				MARKETING_VERSION = 1.0;
				PRODUCT_BUNDLE_IDENTIFIER = "com.irisandromeda.YouTube-API-App";
				PRODUCT_NAME = "$(TARGET_NAME)";
				SWIFT_EMIT_LOC_STRINGS = YES;
				SWIFT_VERSION = 5.0;
				TARGETED_DEVICE_FAMILY = 1;
			};
			name = Debug;
		};
		4F86F4BA2967984700C3EA3F /* Release */ = {
			isa = XCBuildConfiguration;
			baseConfigurationReference = 9B42557F9C51CE1929267C75 /* Pods-YouTube API App.release.xcconfig */;
			buildSettings = {
				ASSETCATALOG_COMPILER_APPICON_NAME = AppIcon;
				ASSETCATALOG_COMPILER_GLOBAL_ACCENT_COLOR_NAME = AccentColor;
				CODE_SIGN_STYLE = Automatic;
				CURRENT_PROJECT_VERSION = 1;
				DEVELOPMENT_TEAM = XWQT2AUZQ9;
				GENERATE_INFOPLIST_FILE = YES;
				INFOPLIST_FILE = "YouTube API App/Settings/Info.plist";
				INFOPLIST_KEY_UIApplicationSupportsIndirectInputEvents = YES;
				INFOPLIST_KEY_UILaunchStoryboardName = LaunchScreen;
				INFOPLIST_KEY_UISupportedInterfaceOrientations_iPad = "UIInterfaceOrientationPortrait UIInterfaceOrientationPortraitUpsideDown UIInterfaceOrientationLandscapeLeft UIInterfaceOrientationLandscapeRight";
				INFOPLIST_KEY_UISupportedInterfaceOrientations_iPhone = "UIInterfaceOrientationPortrait UIInterfaceOrientationLandscapeLeft UIInterfaceOrientationLandscapeRight";
				LD_RUNPATH_SEARCH_PATHS = (
					"$(inherited)",
					"@executable_path/Frameworks",
				);
				MARKETING_VERSION = 1.0;
				PRODUCT_BUNDLE_IDENTIFIER = "com.irisandromeda.YouTube-API-App";
				PRODUCT_NAME = "$(TARGET_NAME)";
				SWIFT_EMIT_LOC_STRINGS = YES;
				SWIFT_VERSION = 5.0;
				TARGETED_DEVICE_FAMILY = 1;
			};
			name = Release;
		};
/* End XCBuildConfiguration section */

/* Begin XCConfigurationList section */
		4F86F49F2967984600C3EA3F /* Build configuration list for PBXProject "YouTube API App" */ = {
			isa = XCConfigurationList;
			buildConfigurations = (
				4F86F4B62967984700C3EA3F /* Debug */,
				4F86F4B72967984700C3EA3F /* Release */,
			);
			defaultConfigurationIsVisible = 0;
			defaultConfigurationName = Release;
		};
		4F86F4B82967984700C3EA3F /* Build configuration list for PBXNativeTarget "YouTube API App" */ = {
			isa = XCConfigurationList;
			buildConfigurations = (
				4F86F4B92967984700C3EA3F /* Debug */,
				4F86F4BA2967984700C3EA3F /* Release */,
			);
			defaultConfigurationIsVisible = 0;
			defaultConfigurationName = Release;
		};
/* End XCConfigurationList section */
	};
	rootObject = 4F86F49C2967984600C3EA3F /* Project object */;
}
